
Microsoft Visual Studio Solution File, Format Version 12.00
Project("{FAE04EC0-301F-11D3-BF4B-00C04F79EFBC}") = "CRUD", "CRUD\CRUD.csproj", "{B43B595A-67DA-4866-AF33-4A1E860702BC}"
EndProject
Global
	GlobalSection(SolutionConfigurationPlatforms) = preSolution
		Debug|Any CPU = Debug|Any CPU
		Release|Any CPU = Release|Any CPU
	EndGlobalSection
	GlobalSection(ProjectConfigurationPlatforms) = postSolution
		{B43B595A-67DA-4866-AF33-4A1E860702BC}.Debug|Any CPU.ActiveCfg = Debug|Any CPU
		{B43B595A-67DA-4866-AF33-4A1E860702BC}.Debug|Any CPU.Build.0 = Debug|Any CPU
		{B43B595A-67DA-4866-AF33-4A1E860702BC}.Release|Any CPU.ActiveCfg = Release|Any CPU
		{B43B595A-67DA-4866-AF33-4A1E860702BC}.Release|Any CPU.Build.0 = Release|Any CPU
	EndGlobalSection
EndGlobal
